// !$*UTF8*$!
{
	archiveVersion = 1;
	classes = {
	};
	objectVersion = 46;
	objects = {

/* Begin PBXBuildFile section */
		2B41AED05F4A89640557A8C7 /* Pods_CodeSample.framework in Frameworks */ = {isa = PBXBuildFile; fileRef = 1A63C5C81F9CC2264C91A8E4 /* Pods_CodeSample.framework */; };
		A91C8F971DDFEB1D00C08DB1 /* Info.plist in Resources */ = {isa = PBXBuildFile; fileRef = A91C8F871DDFEB1D00C08DB1 /* Info.plist */; };
		A91C8F981DDFEB1D00C08DB1 /* AppToken.swift in Sources */ = {isa = PBXBuildFile; fileRef = A91C8F891DDFEB1D00C08DB1 /* AppToken.swift */; };
		A91C8F991DDFEB1D00C08DB1 /* Login.swift in Sources */ = {isa = PBXBuildFile; fileRef = A91C8F8A1DDFEB1D00C08DB1 /* Login.swift */; };
		A91C8F9A1DDFEB1D00C08DB1 /* EndpointConstants.swift in Sources */ = {isa = PBXBuildFile; fileRef = A91C8F8C1DDFEB1D00C08DB1 /* EndpointConstants.swift */; };
		A91C8F9B1DDFEB1D00C08DB1 /* RequestManager.swift in Sources */ = {isa = PBXBuildFile; fileRef = A91C8F8D1DDFEB1D00C08DB1 /* RequestManager.swift */; };
		A91C8F9C1DDFEB1D00C08DB1 /* LoginViewController.swift in Sources */ = {isa = PBXBuildFile; fileRef = A91C8F8F1DDFEB1D00C08DB1 /* LoginViewController.swift */; };
		A91C8F9D1DDFEB1D00C08DB1 /* AppDelegate.swift in Sources */ = {isa = PBXBuildFile; fileRef = A91C8F901DDFEB1D00C08DB1 /* AppDelegate.swift */; };
		A91C8F9E1DDFEB1D00C08DB1 /* Assets.xcassets in Resources */ = {isa = PBXBuildFile; fileRef = A91C8F911DDFEB1D00C08DB1 /* Assets.xcassets */; };
		A91C8F9F1DDFEB1D00C08DB1 /* LaunchScreen.storyboard in Resources */ = {isa = PBXBuildFile; fileRef = A91C8F931DDFEB1D00C08DB1 /* LaunchScreen.storyboard */; };
		A91C8FA01DDFEB1D00C08DB1 /* Main.storyboard in Resources */ = {isa = PBXBuildFile; fileRef = A91C8F951DDFEB1D00C08DB1 /* Main.storyboard */; };
/* End PBXBuildFile section */

/* Begin PBXFileReference section */
		13222FA987C6266A46555608 /* Pods-CodeSampleUITests.debug.xcconfig */ = {isa = PBXFileReference; includeInIndex = 1; lastKnownFileType = text.xcconfig; name = "Pods-CodeSampleUITests.debug.xcconfig"; path = "Pods/Target Support Files/Pods-CodeSampleUITests/Pods-CodeSampleUITests.debug.xcconfig"; sourceTree = "<group>"; };
		1A63C5C81F9CC2264C91A8E4 /* Pods_CodeSample.framework */ = {isa = PBXFileReference; explicitFileType = wrapper.framework; includeInIndex = 0; path = Pods_CodeSample.framework; sourceTree = BUILT_PRODUCTS_DIR; };
		1B5A3BC16BD7B38DE6DA0C26 /* Pods-CodeSample.release.xcconfig */ = {isa = PBXFileReference; includeInIndex = 1; lastKnownFileType = text.xcconfig; name = "Pods-CodeSample.release.xcconfig"; path = "Pods/Target Support Files/Pods-CodeSample/Pods-CodeSample.release.xcconfig"; sourceTree = "<group>"; };
		432DBA4041D2B93C57658327 /* Pods-CodeSampleTests.debug.xcconfig */ = {isa = PBXFileReference; includeInIndex = 1; lastKnownFileType = text.xcconfig; name = "Pods-CodeSampleTests.debug.xcconfig"; path = "Pods/Target Support Files/Pods-CodeSampleTests/Pods-CodeSampleTests.debug.xcconfig"; sourceTree = "<group>"; };
		6959481896537DDBC9976DDE /* Pods-CodeSampleTests.release.xcconfig */ = {isa = PBXFileReference; includeInIndex = 1; lastKnownFileType = text.xcconfig; name = "Pods-CodeSampleTests.release.xcconfig"; path = "Pods/Target Support Files/Pods-CodeSampleTests/Pods-CodeSampleTests.release.xcconfig"; sourceTree = "<group>"; };
		77CA5B40CB78F7B7C8D5F7BB /* Pods_CodeSampleUITests.framework */ = {isa = PBXFileReference; explicitFileType = wrapper.framework; includeInIndex = 0; path = Pods_CodeSampleUITests.framework; sourceTree = BUILT_PRODUCTS_DIR; };
		95AEFB11033EB10B7905F3CD /* Pods-CodeSampleUITests.release.xcconfig */ = {isa = PBXFileReference; includeInIndex = 1; lastKnownFileType = text.xcconfig; name = "Pods-CodeSampleUITests.release.xcconfig"; path = "Pods/Target Support Files/Pods-CodeSampleUITests/Pods-CodeSampleUITests.release.xcconfig"; sourceTree = "<group>"; };
		A91C8F561DDFEA7800C08DB1 /* CodeSample.app */ = {isa = PBXFileReference; explicitFileType = wrapper.application; includeInIndex = 0; path = CodeSample.app; sourceTree = BUILT_PRODUCTS_DIR; };
		A91C8F871DDFEB1D00C08DB1 /* Info.plist */ = {isa = PBXFileReference; fileEncoding = 4; lastKnownFileType = text.plist.xml; path = Info.plist; sourceTree = "<group>"; };
		A91C8F891DDFEB1D00C08DB1 /* AppToken.swift */ = {isa = PBXFileReference; fileEncoding = 4; lastKnownFileType = sourcecode.swift; path = AppToken.swift; sourceTree = "<group>"; };
		A91C8F8A1DDFEB1D00C08DB1 /* Login.swift */ = {isa = PBXFileReference; fileEncoding = 4; lastKnownFileType = sourcecode.swift; path = Login.swift; sourceTree = "<group>"; };
		A91C8F8C1DDFEB1D00C08DB1 /* EndpointConstants.swift */ = {isa = PBXFileReference; fileEncoding = 4; lastKnownFileType = sourcecode.swift; path = EndpointConstants.swift; sourceTree = "<group>"; };
		A91C8F8D1DDFEB1D00C08DB1 /* RequestManager.swift */ = {isa = PBXFileReference; fileEncoding = 4; lastKnownFileType = sourcecode.swift; path = RequestManager.swift; sourceTree = "<group>"; };
		A91C8F8F1DDFEB1D00C08DB1 /* LoginViewController.swift */ = {isa = PBXFileReference; fileEncoding = 4; lastKnownFileType = sourcecode.swift; path = LoginViewController.swift; sourceTree = "<group>"; };
		A91C8F901DDFEB1D00C08DB1 /* AppDelegate.swift */ = {isa = PBXFileReference; fileEncoding = 4; lastKnownFileType = sourcecode.swift; path = AppDelegate.swift; sourceTree = "<group>"; };
		A91C8F911DDFEB1D00C08DB1 /* Assets.xcassets */ = {isa = PBXFileReference; lastKnownFileType = folder.assetcatalog; path = Assets.xcassets; sourceTree = "<group>"; };
		A91C8F941DDFEB1D00C08DB1 /* Base */ = {isa = PBXFileReference; lastKnownFileType = file.storyboard; name = Base; path = LaunchScreen.storyboard; sourceTree = "<group>"; };
		A91C8F961DDFEB1D00C08DB1 /* Base */ = {isa = PBXFileReference; lastKnownFileType = file.storyboard; name = Base; path = Main.storyboard; sourceTree = "<group>"; };
		BA29A6620D83E037D407564C /* Pods_CodeSampleTests.framework */ = {isa = PBXFileReference; explicitFileType = wrapper.framework; includeInIndex = 0; path = Pods_CodeSampleTests.framework; sourceTree = BUILT_PRODUCTS_DIR; };
		F27B72C2B3AF298CF133CD2E /* Pods-CodeSample.debug.xcconfig */ = {isa = PBXFileReference; includeInIndex = 1; lastKnownFileType = text.xcconfig; name = "Pods-CodeSample.debug.xcconfig"; path = "Pods/Target Support Files/Pods-CodeSample/Pods-CodeSample.debug.xcconfig"; sourceTree = "<group>"; };
/* End PBXFileReference section */

/* Begin PBXFrameworksBuildPhase section */
		A91C8F531DDFEA7800C08DB1 /* Frameworks */ = {
			isa = PBXFrameworksBuildPhase;
			buildActionMask = 2147483647;
			files = (
				2B41AED05F4A89640557A8C7 /* Pods_CodeSample.framework in Frameworks */,
			);
			runOnlyForDeploymentPostprocessing = 0;
		};
/* End PBXFrameworksBuildPhase section */

/* Begin PBXGroup section */
		301D44B15E804EB38E3CD095 /* Frameworks */ = {
			isa = PBXGroup;
			children = (
				1A63C5C81F9CC2264C91A8E4 /* Pods_CodeSample.framework */,
				BA29A6620D83E037D407564C /* Pods_CodeSampleTests.framework */,
				77CA5B40CB78F7B7C8D5F7BB /* Pods_CodeSampleUITests.framework */,
			);
			name = Frameworks;
			sourceTree = "<group>";
		};
		419903D95A7E3A51D64007D7 /* Pods */ = {
			isa = PBXGroup;
			children = (
				F27B72C2B3AF298CF133CD2E /* Pods-CodeSample.debug.xcconfig */,
				1B5A3BC16BD7B38DE6DA0C26 /* Pods-CodeSample.release.xcconfig */,
				432DBA4041D2B93C57658327 /* Pods-CodeSampleTests.debug.xcconfig */,
				6959481896537DDBC9976DDE /* Pods-CodeSampleTests.release.xcconfig */,
				13222FA987C6266A46555608 /* Pods-CodeSampleUITests.debug.xcconfig */,
				95AEFB11033EB10B7905F3CD /* Pods-CodeSampleUITests.release.xcconfig */,
			);
			name = Pods;
			sourceTree = "<group>";
		};
		A91C8F4D1DDFEA7800C08DB1 = {
			isa = PBXGroup;
			children = (
				A91C8F581DDFEA7800C08DB1 /* CodeSample */,
				A91C8F571DDFEA7800C08DB1 /* Products */,
				419903D95A7E3A51D64007D7 /* Pods */,
				301D44B15E804EB38E3CD095 /* Frameworks */,
			);
			sourceTree = "<group>";
		};
		A91C8F571DDFEA7800C08DB1 /* Products */ = {
			isa = PBXGroup;
			children = (
				A91C8F561DDFEA7800C08DB1 /* CodeSample.app */,
			);
			name = Products;
			sourceTree = "<group>";
		};
		A91C8F581DDFEA7800C08DB1 /* CodeSample */ = {
			isa = PBXGroup;
			children = (
				A91C8F871DDFEB1D00C08DB1 /* Info.plist */,
				A91C8F881DDFEB1D00C08DB1 /* Models */,
				A91C8F8B1DDFEB1D00C08DB1 /* Requests */,
				A91C8F8E1DDFEB1D00C08DB1 /* Login */,
				A91C8F901DDFEB1D00C08DB1 /* AppDelegate.swift */,
				A91C8F951DDFEB1D00C08DB1 /* Main.storyboard */,
				A91C8F931DDFEB1D00C08DB1 /* LaunchScreen.storyboard */,
				A91C8F911DDFEB1D00C08DB1 /* Assets.xcassets */,
			);
			path = CodeSample;
			sourceTree = "<group>";
		};
		A91C8F881DDFEB1D00C08DB1 /* Models */ = {
			isa = PBXGroup;
			children = (
				A91C8F891DDFEB1D00C08DB1 /* AppToken.swift */,
				A91C8F8A1DDFEB1D00C08DB1 /* Login.swift */,
			);
			path = Models;
			sourceTree = "<group>";
		};
		A91C8F8B1DDFEB1D00C08DB1 /* Requests */ = {
			isa = PBXGroup;
			children = (
				A91C8F8C1DDFEB1D00C08DB1 /* EndpointConstants.swift */,
				A91C8F8D1DDFEB1D00C08DB1 /* RequestManager.swift */,
			);
			path = Requests;
			sourceTree = "<group>";
		};
		A91C8F8E1DDFEB1D00C08DB1 /* Login */ = {
			isa = PBXGroup;
			children = (
				A91C8F8F1DDFEB1D00C08DB1 /* LoginViewController.swift */,
			);
			path = Login;
			sourceTree = "<group>";
		};
/* End PBXGroup section */

/* Begin PBXNativeTarget section */
		A91C8F551DDFEA7800C08DB1 /* CodeSample */ = {
			isa = PBXNativeTarget;
			buildConfigurationList = A91C8F7E1DDFEA7800C08DB1 /* Build configuration list for PBXNativeTarget "CodeSample" */;
			buildPhases = (
				3C287D11F7D11DFD7A3CE4C3 /* [CP] Check Pods Manifest.lock */,
				A91C8F521DDFEA7800C08DB1 /* Sources */,
				A91C8F531DDFEA7800C08DB1 /* Frameworks */,
				A91C8F541DDFEA7800C08DB1 /* Resources */,
				A584977E470CDBE918FC2E7C /* [CP] Embed Pods Frameworks */,
				E424F6FA19A9724530360F22 /* [CP] Copy Pods Resources */,
			);
			buildRules = (
			);
			dependencies = (
			);
			name = CodeSample;
			productName = CodeSample;
			productReference = A91C8F561DDFEA7800C08DB1 /* CodeSample.app */;
			productType = "com.apple.product-type.application";
		};
/* End PBXNativeTarget section */

/* Begin PBXProject section */
		A91C8F4E1DDFEA7800C08DB1 /* Project object */ = {
			isa = PBXProject;
			attributes = {
				LastSwiftUpdateCheck = 0810;
				LastUpgradeCheck = 0810;
				ORGANIZATIONNAME = aravasio;
				TargetAttributes = {
					A91C8F551DDFEA7800C08DB1 = {
						CreatedOnToolsVersion = 8.1;
						DevelopmentTeam = B8V5WGN4V6;
						LastSwiftMigration = 0810;
						ProvisioningStyle = Automatic;
					};
				};
			};
			buildConfigurationList = A91C8F511DDFEA7800C08DB1 /* Build configuration list for PBXProject "CodeSample" */;
			compatibilityVersion = "Xcode 3.2";
			developmentRegion = English;
			hasScannedForEncodings = 0;
			knownRegions = (
				en,
				Base,
			);
			mainGroup = A91C8F4D1DDFEA7800C08DB1;
			productRefGroup = A91C8F571DDFEA7800C08DB1 /* Products */;
			projectDirPath = "";
			projectRoot = "";
			targets = (
				A91C8F551DDFEA7800C08DB1 /* CodeSample */,
			);
		};
/* End PBXProject section */

/* Begin PBXResourcesBuildPhase section */
		A91C8F541DDFEA7800C08DB1 /* Resources */ = {
			isa = PBXResourcesBuildPhase;
			buildActionMask = 2147483647;
			files = (
				A91C8F9F1DDFEB1D00C08DB1 /* LaunchScreen.storyboard in Resources */,
				A91C8F9E1DDFEB1D00C08DB1 /* Assets.xcassets in Resources */,
				A91C8F971DDFEB1D00C08DB1 /* Info.plist in Resources */,
				A91C8FA01DDFEB1D00C08DB1 /* Main.storyboard in Resources */,
			);
			runOnlyForDeploymentPostprocessing = 0;
		};
/* End PBXResourcesBuildPhase section */

/* Begin PBXShellScriptBuildPhase section */
		3C287D11F7D11DFD7A3CE4C3 /* [CP] Check Pods Manifest.lock */ = {
			isa = PBXShellScriptBuildPhase;
			buildActionMask = 2147483647;
			files = (
			);
			inputPaths = (
			);
			name = "[CP] Check Pods Manifest.lock";
			outputPaths = (
			);
			runOnlyForDeploymentPostprocessing = 0;
			shellPath = /bin/sh;
			shellScript = "diff \"${PODS_ROOT}/../Podfile.lock\" \"${PODS_ROOT}/Manifest.lock\" > /dev/null\nif [ $? != 0 ] ; then\n    # print error to STDERR\n    echo \"error: The sandbox is not in sync with the Podfile.lock. Run 'pod install' or update your CocoaPods installation.\" >&2\n    exit 1\nfi\n";
			showEnvVarsInLog = 0;
		};
		A584977E470CDBE918FC2E7C /* [CP] Embed Pods Frameworks */ = {
			isa = PBXShellScriptBuildPhase;
			buildActionMask = 2147483647;
			files = (
			);
			inputPaths = (
			);
			name = "[CP] Embed Pods Frameworks";
			outputPaths = (
			);
			runOnlyForDeploymentPostprocessing = 0;
			shellPath = /bin/sh;
			shellScript = "\"${SRCROOT}/Pods/Target Support Files/Pods-CodeSample/Pods-CodeSample-frameworks.sh\"\n";
			showEnvVarsInLog = 0;
		};
		E424F6FA19A9724530360F22 /* [CP] Copy Pods Resources */ = {
			isa = PBXShellScriptBuildPhase;
			buildActionMask = 2147483647;
			files = (
			);
			inputPaths = (
			);
			name = "[CP] Copy Pods Resources";
			outputPaths = (
			);
			runOnlyForDeploymentPostprocessing = 0;
			shellPath = /bin/sh;
			shellScript = "\"${SRCROOT}/Pods/Target Support Files/Pods-CodeSample/Pods-CodeSample-resources.sh\"\n";
			showEnvVarsInLog = 0;
		};
/* End PBXShellScriptBuildPhase section */

/* Begin PBXSourcesBuildPhase section */
		A91C8F521DDFEA7800C08DB1 /* Sources */ = {
			isa = PBXSourcesBuildPhase;
			buildActionMask = 2147483647;
			files = (
				A91C8F9D1DDFEB1D00C08DB1 /* AppDelegate.swift in Sources */,
				A91C8F981DDFEB1D00C08DB1 /* AppToken.swift in Sources */,
				A91C8F9A1DDFEB1D00C08DB1 /* EndpointConstants.swift in Sources */,
				A91C8F991DDFEB1D00C08DB1 /* Login.swift in Sources */,
				A91C8F9C1DDFEB1D00C08DB1 /* LoginViewController.swift in Sources */,
				A91C8F9B1DDFEB1D00C08DB1 /* RequestManager.swift in Sources */,
			);
			runOnlyForDeploymentPostprocessing = 0;
		};
/* End PBXSourcesBuildPhase section */

/* Begin PBXVariantGroup section */
		A91C8F931DDFEB1D00C08DB1 /* LaunchScreen.storyboard */ = {
			isa = PBXVariantGroup;
			children = (
				A91C8F941DDFEB1D00C08DB1 /* Base */,
			);
			name = LaunchScreen.storyboard;
			path = Base.lproj;
			sourceTree = "<group>";
		};
		A91C8F951DDFEB1D00C08DB1 /* Main.storyboard */ = {
			isa = PBXVariantGroup;
			children = (
				A91C8F961DDFEB1D00C08DB1 /* Base */,
			);
			name = Main.storyboard;
			path = Base.lproj;
			sourceTree = "<group>";
		};
/* End PBXVariantGroup section */

/* Begin XCBuildConfiguration section */
		A91C8F7C1DDFEA7800C08DB1 /* Debug */ = {
			isa = XCBuildConfiguration;
			buildSettings = {
				ALWAYS_SEARCH_USER_PATHS = NO;
				CLANG_ANALYZER_NONNULL = YES;
				CLANG_CXX_LANGUAGE_STANDARD = "gnu++0x";
				CLANG_CXX_LIBRARY = "libc++";
				CLANG_ENABLE_MODULES = YES;
				CLANG_ENABLE_OBJC_ARC = YES;
				CLANG_WARN_BOOL_CONVERSION = YES;
				CLANG_WARN_CONSTANT_CONVERSION = YES;
				CLANG_WARN_DIRECT_OBJC_ISA_USAGE = YES_ERROR;
				CLANG_WARN_DOCUMENTATION_COMMENTS = YES;
				CLANG_WARN_EMPTY_BODY = YES;
				CLANG_WARN_ENUM_CONVERSION = YES;
				CLANG_WARN_INFINITE_RECURSION = YES;
				CLANG_WARN_INT_CONVERSION = YES;
				CLANG_WARN_OBJC_ROOT_CLASS = YES_ERROR;
				CLANG_WARN_SUSPICIOUS_MOVES = YES;
				CLANG_WARN_UNREACHABLE_CODE = YES;
				CLANG_WARN__DUPLICATE_METHOD_MATCH = YES;
				"CODE_SIGN_IDENTITY[sdk=iphoneos*]" = "iPhone Developer";
				COPY_PHASE_STRIP = NO;
				DEBUG_INFORMATION_FORMAT = dwarf;
				ENABLE_STRICT_OBJC_MSGSEND = YES;
				ENABLE_TESTABILITY = YES;
				GCC_C_LANGUAGE_STANDARD = gnu99;
				GCC_DYNAMIC_NO_PIC = NO;
				GCC_NO_COMMON_BLOCKS = YES;
				GCC_OPTIMIZATION_LEVEL = 0;
				GCC_PREPROCESSOR_DEFINITIONS = (
					"DEBUG=1",
					"$(inherited)",
				);
				GCC_WARN_64_TO_32_BIT_CONVERSION = YES;
				GCC_WARN_ABOUT_RETURN_TYPE = YES_ERROR;
				GCC_WARN_UNDECLARED_SELECTOR = YES;
				GCC_WARN_UNINITIALIZED_AUTOS = YES_AGGRESSIVE;
				GCC_WARN_UNUSED_FUNCTION = YES;
				GCC_WARN_UNUSED_VARIABLE = YES;
				IPHONEOS_DEPLOYMENT_TARGET = 10.1;
				MTL_ENABLE_DEBUG_INFO = YES;
				ONLY_ACTIVE_ARCH = YES;
				SDKROOT = iphoneos;
				SWIFT_ACTIVE_COMPILATION_CONDITIONS = DEBUG;
				SWIFT_OPTIMIZATION_LEVEL = "-Onone";
				TARGETED_DEVICE_FAMILY = "1,2";
			};
			name = Debug;
		};
		A91C8F7D1DDFEA7800C08DB1 /* Release */ = {
			isa = XCBuildConfiguration;
			buildSettings = {
				ALWAYS_SEARCH_USER_PATHS = NO;
				CLANG_ANALYZER_NONNULL = YES;
				CLANG_CXX_LANGUAGE_STANDARD = "gnu++0x";
				CLANG_CXX_LIBRARY = "libc++";
				CLANG_ENABLE_MODULES = YES;
				CLANG_ENABLE_OBJC_ARC = YES;
				CLANG_WARN_BOOL_CONVERSION = YES;
				CLANG_WARN_CONSTANT_CONVERSION = YES;
				CLANG_WARN_DIRECT_OBJC_ISA_USAGE = YES_ERROR;
				CLANG_WARN_DOCUMENTATION_COMMENTS = YES;
				CLANG_WARN_EMPTY_BODY = YES;
				CLANG_WARN_ENUM_CONVERSION = YES;
				CLANG_WARN_INFINITE_RECURSION = YES;
				CLANG_WARN_INT_CONVERSION = YES;
				CLANG_WARN_OBJC_ROOT_CLASS = YES_ERROR;
				CLANG_WARN_SUSPICIOUS_MOVES = YES;
				CLANG_WARN_UNREACHABLE_CODE = YES;
				CLANG_WARN__DUPLICATE_METHOD_MATCH = YES;
				"CODE_SIGN_IDENTITY[sdk=iphoneos*]" = "iPhone Developer";
				COPY_PHASE_STRIP = NO;
				DEBUG_INFORMATION_FORMAT = "dwarf-with-dsym";
				ENABLE_NS_ASSERTIONS = NO;
				ENABLE_STRICT_OBJC_MSGSEND = YES;
				GCC_C_LANGUAGE_STANDARD = gnu99;
				GCC_NO_COMMON_BLOCKS = YES;
				GCC_WARN_64_TO_32_BIT_CONVERSION = YES;
				GCC_WARN_ABOUT_RETURN_TYPE = YES_ERROR;
				GCC_WARN_UNDECLARED_SELECTOR = YES;
				GCC_WARN_UNINITIALIZED_AUTOS = YES_AGGRESSIVE;
				GCC_WARN_UNUSED_FUNCTION = YES;
				GCC_WARN_UNUSED_VARIABLE = YES;
				IPHONEOS_DEPLOYMENT_TARGET = 10.1;
				MTL_ENABLE_DEBUG_INFO = NO;
				SDKROOT = iphoneos;
				SWIFT_OPTIMIZATION_LEVEL = "-Owholemodule";
				TARGETED_DEVICE_FAMILY = "1,2";
				VALIDATE_PRODUCT = YES;
			};
			name = Release;
		};
		A91C8F7F1DDFEA7800C08DB1 /* Debug */ = {
			isa = XCBuildConfiguration;
			baseConfigurationReference = F27B72C2B3AF298CF133CD2E /* Pods-CodeSample.debug.xcconfig */;
			buildSettings = {
				ASSETCATALOG_COMPILER_APPICON_NAME = AppIcon;
				CLANG_ENABLE_MODULES = YES;
				DEVELOPMENT_TEAM = B8V5WGN4V6;
				INFOPLIST_FILE = CodeSample/Info.plist;
				LD_RUNPATH_SEARCH_PATHS = "$(inherited) @executable_path/Frameworks";
				PRODUCT_BUNDLE_IDENTIFIER = com.aravasio.CodeSample;
				PRODUCT_NAME = "$(TARGET_NAME)";
				SWIFT_OPTIMIZATION_LEVEL = "-Onone";
				SWIFT_VERSION = 3.0;
			};
			name = Debug;
		};
		A91C8F801DDFEA7800C08DB1 /* Release */ = {
			isa = XCBuildConfiguration;
			baseConfigurationReference = 1B5A3BC16BD7B38DE6DA0C26 /* Pods-CodeSample.release.xcconfig */;
			buildSettings = {
				ASSETCATALOG_COMPILER_APPICON_NAME = AppIcon;
				CLANG_ENABLE_MODULES = YES;
				DEVELOPMENT_TEAM = B8V5WGN4V6;
				INFOPLIST_FILE = CodeSample/Info.plist;
				LD_RUNPATH_SEARCH_PATHS = "$(inherited) @executable_path/Frameworks";
				PRODUCT_BUNDLE_IDENTIFIER = com.aravasio.CodeSample;
				PRODUCT_NAME = "$(TARGET_NAME)";
				SWIFT_VERSION = 3.0;
			};
			name = Release;
		};
/* End XCBuildConfiguration section */

/* Begin XCConfigurationList section */
		A91C8F511DDFEA7800C08DB1 /* Build configuration list for PBXProject "CodeSample" */ = {
			isa = XCConfigurationList;
			buildConfigurations = (
				A91C8F7C1DDFEA7800C08DB1 /* Debug */,
				A91C8F7D1DDFEA7800C08DB1 /* Release */,
			);
			defaultConfigurationIsVisible = 0;
			defaultConfigurationName = Release;
		};
		A91C8F7E1DDFEA7800C08DB1 /* Build configuration list for PBXNativeTarget "CodeSample" */ = {
			isa = XCConfigurationList;
			buildConfigurations = (
				A91C8F7F1DDFEA7800C08DB1 /* Debug */,
				A91C8F801DDFEA7800C08DB1 /* Release */,
			);
			defaultConfigurationIsVisible = 0;
			defaultConfigurationName = Release;
		};
/* End XCConfigurationList section */
	};
	rootObject = A91C8F4E1DDFEA7800C08DB1 /* Project object */;
}
